lockfileVersion: '9.0'

settings:
  autoInstallPeers: true
  excludeLinksFromLockfile: false

importers:

  .:
    dependencies:
      '@headlessui/react':
        specifier: ^2.2.0
        version: 2.2.0(react-dom@19.0.0(react@19.0.0))(react@19.0.0)
      '@heroicons/react':
        specifier: ^2.2.0
        version: 2.2.0(react@19.0.0)
      react-router-dom:
        specifier: ^7.3.0
        version: 7.3.0(react-dom@19.0.0(react@19.0.0))(react@19.0.0)
      redis:
        specifier: ^4.7.0
        version: 4.7.0
    devDependencies:
      concurrently:
        specifier: ^9.1.2
        version: 9.1.2

packages:

  '@floating-ui/core@1.6.9':
    resolution: {integrity: sha512-uMXCuQ3BItDUbAMhIXw7UPXRfAlOAvZzdK9BWpE60MCn+Svt3aLn9jsPTi/WNGlRUu2uI0v5S7JiIUsbsvh3fw==}

  '@floating-ui/dom@1.6.13':
    resolution: {integrity: sha512-umqzocjDgNRGTuO7Q8CU32dkHkECqI8ZdMZ5Swb6QAM0t5rnlrN3lGo1hdpscRd3WS8T6DKYK4ephgIH9iRh3w==}

  '@floating-ui/react-dom@2.1.2':
    resolution: {integrity: sha512-06okr5cgPzMNBy+Ycse2A6udMi4bqwW/zgBF/rwjcNqWkyr82Mcg8b0vjX8OJpZFy/FKjJmw6wV7t44kK6kW7A==}
    peerDependencies:
      react: '>=16.8.0'
      react-dom: '>=16.8.0'

  '@floating-ui/react@0.26.28':
    resolution: {integrity: sha512-yORQuuAtVpiRjpMhdc0wJj06b9JFjrYF4qp96j++v2NBpbi6SEGF7donUJ3TMieerQ6qVkAv1tgr7L4r5roTqw==}
    peerDependencies:
      react: '>=16.8.0'
      react-dom: '>=16.8.0'

  '@floating-ui/utils@0.2.9':
    resolution: {integrity: sha512-MDWhGtE+eHw5JW7lq4qhc5yRLS11ERl1c7Z6Xd0a58DozHES6EnNNwUWbMiG4J9Cgj053Bhk8zvlhFYKVhULwg==}

  '@headlessui/react@2.2.0':
    resolution: {integrity: sha512-RzCEg+LXsuI7mHiSomsu/gBJSjpupm6A1qIZ5sWjd7JhARNlMiSA4kKfJpCKwU9tE+zMRterhhrP74PvfJrpXQ==}
    engines: {node: '>=10'}
    peerDependencies:
      react: ^18 || ^19 || ^19.0.0-rc
      react-dom: ^18 || ^19 || ^19.0.0-rc

  '@heroicons/react@2.2.0':
    resolution: {integrity: sha512-LMcepvRaS9LYHJGsF0zzmgKCUim/X3N/DQKc4jepAXJ7l8QxJ1PmxJzqplF2Z3FE4PqBAIGyJAQ/w4B5dsqbtQ==}
    peerDependencies:
      react: '>= 16 || ^19.0.0-rc'

  '@react-aria/focus@3.20.0':
    resolution: {integrity: sha512-KXZCwWzwnmtUo6xhnyV26ptxlxmqd0Reez7axduqqqeDDgDZOVscoo/5gFg71fdPZmnDC8MyUK1vxSbMhOTrGg==}
    peerDependencies:
      react: ^16.8.0 || ^17.0.0-rc.1 || ^18.0.0 || ^19.0.0-rc.1
      react-dom: ^16.8.0 || ^17.0.0-rc.1 || ^18.0.0 || ^19.0.0-rc.1

  '@react-aria/interactions@3.24.0':
    resolution: {integrity: sha512-6Zdhp1pswyPgbwEWzvXARdKAWPjP7mACczoIUvlEQiMsX04fuizBiBLAA+W/5mPe17pbJYHA/rxZF5Y5m+M0Ng==}
    peerDependencies:
      react: ^16.8.0 || ^17.0.0-rc.1 || ^18.0.0 || ^19.0.0-rc.1
      react-dom: ^16.8.0 || ^17.0.0-rc.1 || ^18.0.0 || ^19.0.0-rc.1

  '@react-aria/ssr@3.9.7':
    resolution: {integrity: sha512-GQygZaGlmYjmYM+tiNBA5C6acmiDWF52Nqd40bBp0Znk4M4hP+LTmI0lpI1BuKMw45T8RIhrAsICIfKwZvi2Gg==}
    engines: {node: '>= 12'}
    peerDependencies:
      react: ^16.8.0 || ^17.0.0-rc.1 || ^18.0.0 || ^19.0.0-rc.1

  '@react-aria/utils@3.28.0':
    resolution: {integrity: sha512-FfpvpADk61OvEnFe37k6jF1zr5gtafIPN9ccJRnPCTqrzuExag01mGi+wX/hWyFK0zAe1OjWf1zFOX3FsFvikg==}
    peerDependencies:
      react: ^16.8.0 || ^17.0.0-rc.1 || ^18.0.0 || ^19.0.0-rc.1
      react-dom: ^16.8.0 || ^17.0.0-rc.1 || ^18.0.0 || ^19.0.0-rc.1

  '@react-stately/flags@3.1.0':
    resolution: {integrity: sha512-KSHOCxTFpBtxhIRcKwsD1YDTaNxFtCYuAUb0KEihc16QwqZViq4hasgPBs2gYm7fHRbw7WYzWKf6ZSo/+YsFlg==}

  '@react-stately/utils@3.10.5':
    resolution: {integrity: sha512-iMQSGcpaecghDIh3mZEpZfoFH3ExBwTtuBEcvZ2XnGzCgQjeYXcMdIUwAfVQLXFTdHUHGF6Gu6/dFrYsCzySBQ==}
    peerDependencies:
      react: ^16.8.0 || ^17.0.0-rc.1 || ^18.0.0 || ^19.0.0-rc.1

  '@react-types/shared@3.28.0':
    resolution: {integrity: sha512-9oMEYIDc3sk0G5rysnYvdNrkSg7B04yTKl50HHSZVbokeHpnU0yRmsDaWb9B/5RprcKj8XszEk5guBO8Sa/Q+Q==}
    peerDependencies:
      react: ^16.8.0 || ^17.0.0-rc.1 || ^18.0.0 || ^19.0.0-rc.1

  '@redis/bloom@1.2.0':
    resolution: {integrity: sha512-HG2DFjYKbpNmVXsa0keLHp/3leGJz1mjh09f2RLGGLQZzSHpkmZWuwJbAvo3QcRY8p80m5+ZdXZdYOSBLlp7Cg==}
    peerDependencies:
      '@redis/client': ^1.0.0

  '@redis/client@1.6.0':
    resolution: {integrity: sha512-aR0uffYI700OEEH4gYnitAnv3vzVGXCFvYfdpu/CJKvk4pHfLPEy/JSZyrpQ+15WhXe1yJRXLtfQ84s4mEXnPg==}
    engines: {node: '>=14'}

  '@redis/graph@1.1.1':
    resolution: {integrity: sha512-FEMTcTHZozZciLRl6GiiIB4zGm5z5F3F6a6FZCyrfxdKOhFlGkiAqlexWMBzCi4DcRoyiOsuLfW+cjlGWyExOw==}
    peerDependencies:
      '@redis/client': ^1.0.0

  '@redis/json@1.0.7':
    resolution: {integrity: sha512-6UyXfjVaTBTJtKNG4/9Z8PSpKE6XgSyEb8iwaqDcy+uKrd/DGYHTWkUdnQDyzm727V7p21WUMhsqz5oy65kPcQ==}
    peerDependencies:
      '@redis/client': ^1.0.0

  '@redis/search@1.2.0':
    resolution: {integrity: sha512-tYoDBbtqOVigEDMAcTGsRlMycIIjwMCgD8eR2t0NANeQmgK/lvxNAvYyb6bZDD4frHRhIHkJu2TBRvB0ERkOmw==}
    peerDependencies:
      '@redis/client': ^1.0.0

  '@redis/time-series@1.1.0':
    resolution: {integrity: sha512-c1Q99M5ljsIuc4YdaCwfUEXsofakb9c8+Zse2qxTadu8TalLXuAESzLvFAvNVbkmSlvlzIQOLpBCmWI9wTOt+g==}
    peerDependencies:
      '@redis/client': ^1.0.0

  '@swc/helpers@0.5.15':
    resolution: {integrity: sha512-JQ5TuMi45Owi4/BIMAJBoSQoOJu12oOk/gADqlcUL9JEdHB8vyjUSsxqeNXnmXHjYKMi2WcYtezGEEhqUI/E2g==}

  '@tanstack/react-virtual@3.13.2':
    resolution: {integrity: sha512-LceSUgABBKF6HSsHK2ZqHzQ37IKV/jlaWbHm+NyTa3/WNb/JZVcThDuTainf+PixltOOcFCYXwxbLpOX9sCx+g==}
    peerDependencies:
      react: ^16.8.0 || ^17.0.0 || ^18.0.0 || ^19.0.0
      react-dom: ^16.8.0 || ^17.0.0 || ^18.0.0 || ^19.0.0

  '@tanstack/virtual-core@3.13.2':
    resolution: {integrity: sha512-Qzz4EgzMbO5gKrmqUondCjiHcuu4B1ftHb0pjCut661lXZdGoHeze9f/M8iwsK1t5LGR6aNuNGU7mxkowaW6RQ==}

  '@types/cookie@0.6.0':
    resolution: {integrity: sha512-4Kh9a6B2bQciAhf7FSuMRRkUWecJgJu9nPnx3yzpsfXX/c50REIqpHY4C82bXP90qrLtXtkDxTZosYO3UpOwlA==}

  ansi-regex@5.0.1:
    resolution: {integrity: sha512-quJQXlTSUGL2LH9SUXo8VwsY4soanhgo6LNSm84E1LBcE8s3O0wpdiRzyR9z/ZZJMlMWv37qOOb9pdJlMUEKFQ==}
    engines: {node: '>=8'}

  ansi-styles@4.3.0:
    resolution: {integrity: sha512-zbB9rCJAT1rbjiVDb2hqKFHNYLxgtk8NURxZ3IZwD3F6NtxbXZQCnnSi1Lkx+IDohdPlFp222wVALIheZJQSEg==}
    engines: {node: '>=8'}

  chalk@4.1.2:
    resolution: {integrity: sha512-oKnbhFyRIXpUuez8iBMmyEa4nbj4IOQyuhc/wy9kY7/WVPcwIO9VA668Pu8RkO7+0G76SLROeyw9CpQ061i4mA==}
    engines: {node: '>=10'}

  cliui@8.0.1:
    resolution: {integrity: sha512-BSeNnyus75C4//NQ9gQt1/csTXyo/8Sb+afLAkzAptFuMsod9HFokGNudZpi/oQV73hnVK+sR+5PVRMd+Dr7YQ==}
    engines: {node: '>=12'}

  clsx@2.1.1:
    resolution: {integrity: sha512-eYm0QWBtUrBWZWG0d386OGAw16Z995PiOVo2B7bjWSbHedGl5e0ZWaq65kOGgUSNesEIDkB9ISbTg/JK9dhCZA==}
    engines: {node: '>=6'}

  cluster-key-slot@1.1.2:
    resolution: {integrity: sha512-RMr0FhtfXemyinomL4hrWcYJxmX6deFdCxpJzhDttxgO1+bcCnkk+9drydLVDmAMG7NE6aN/fl4F7ucU/90gAA==}
    engines: {node: '>=0.10.0'}

  color-convert@2.0.1:
    resolution: {integrity: sha512-RRECPsj7iu/xb5oKYcsFHSppFNnsj/52OVTRKb4zP5onXwVF3zVmmToNcOfGC+CRDpfK/U584fMg38ZHCaElKQ==}
    engines: {node: '>=7.0.0'}

  color-name@1.1.4:
    resolution: {integrity: sha512-dOy+3AuW3a2wNbZHIuMZpTcgjGuLU/uBL/ubcZF9OXbDo8ff4O8yVp5Bf0efS8uEoYo5q4Fx7dY9OgQGXgAsQA==}

  concurrently@9.1.2:
    resolution: {integrity: sha512-H9MWcoPsYddwbOGM6difjVwVZHl63nwMEwDJG/L7VGtuaJhb12h2caPG2tVPWs7emuYix252iGfqOyrz1GczTQ==}
    engines: {node: '>=18'}
    hasBin: true

  cookie@1.0.2:
    resolution: {integrity: sha512-9Kr/j4O16ISv8zBBhJoi4bXOYNTkFLOqSL3UDB0njXxCXNezjeyVrJyGOWtgfs/q2km1gwBcfH8q1yEGoMYunA==}
    engines: {node: '>=18'}

  emoji-regex@8.0.0:
    resolution: {integrity: sha512-MSjYzcWNOA0ewAHpz0MxpYFvwg6yjy1NG3xteoqz644VCo/RPgnr1/GGt+ic3iJTzQ8Eu3TdM14SawnVUmGE6A==}

  escalade@3.2.0:
    resolution: {integrity: sha512-WUj2qlxaQtO4g6Pq5c29GTcWGDyd8itL8zTlipgECz3JesAiiOKotd8JU6otB3PACgG6xkJUyVhboMS+bje/jA==}
    engines: {node: '>=6'}

  generic-pool@3.9.0:
    resolution: {integrity: sha512-hymDOu5B53XvN4QT9dBmZxPX4CWhBPPLguTZ9MMFeFa/Kg0xWVfylOVNlJji/E7yTZWFd/q9GO5TxDLq156D7g==}
    engines: {node: '>= 4'}

  get-caller-file@2.0.5:
    resolution: {integrity: sha512-DyFP3BM/3YHTQOCUL/w0OZHR0lpKeGrxotcHWcqNEdnltqFwXVfhEBQ94eIo34AfQpo0rGki4cyIiftY06h2Fg==}
    engines: {node: 6.* || 8.* || >= 10.*}

  has-flag@4.0.0:
    resolution: {integrity: sha512-EykJT/Q1KjTWctppgIAgfSO0tKVuZUjhgMr17kqTumMl6Afv3EISleU7qZUzoXDFTAHTDC4NOoG/ZxU3EvlMPQ==}
    engines: {node: '>=8'}

  is-fullwidth-code-point@3.0.0:
    resolution: {integrity: sha512-zymm5+u+sCsSWyD9qNaejV3DFvhCKclKdizYaJUuHA83RLjb7nSuGnddCHGv0hk+KY7BMAlsWeK4Ueg6EV6XQg==}
    engines: {node: '>=8'}

  lodash@4.17.21:
    resolution: {integrity: sha512-v2kDEe57lecTulaDIuNTPy3Ry4gLGJ6Z1O3vE1krgXZNrsQ+LFTGHVxVjcXPs17LhbZVGedAJv8XZ1tvj5FvSg==}

  react-dom@19.0.0:
    resolution: {integrity: sha512-4GV5sHFG0e/0AD4X+ySy6UJd3jVl1iNsNHdpad0qhABJ11twS3TTBnseqsKurKcsNqCEFeGL3uLpVChpIO3QfQ==}
    peerDependencies:
      react: ^19.0.0

  react-router-dom@7.3.0:
    resolution: {integrity: sha512-z7Q5FTiHGgQfEurX/FBinkOXhWREJIAB2RiU24lvcBa82PxUpwqvs/PAXb9lJyPjTs2jrl6UkLvCZVGJPeNuuQ==}
    engines: {node: '>=20.0.0'}
    peerDependencies:
      react: '>=18'
      react-dom: '>=18'

  react-router@7.3.0:
    resolution: {integrity: sha512-466f2W7HIWaNXTKM5nHTqNxLrHTyXybm7R0eBlVSt0k/u55tTCDO194OIx/NrYD4TS5SXKTNekXfT37kMKUjgw==}
    engines: {node: '>=20.0.0'}
    peerDependencies:
      react: '>=18'
      react-dom: '>=18'
    peerDependenciesMeta:
      react-dom:
        optional: true

  react@19.0.0:
    resolution: {integrity: sha512-V8AVnmPIICiWpGfm6GLzCR/W5FXLchHop40W4nXBmdlEceh16rCN8O8LNWm5bh5XUX91fh7KpA+W0TgMKmgTpQ==}
    engines: {node: '>=0.10.0'}

  redis@4.7.0:
    resolution: {integrity: sha512-zvmkHEAdGMn+hMRXuMBtu4Vo5P6rHQjLoHftu+lBqq8ZTA3RCVC/WzD790bkKKiNFp7d5/9PcSD19fJyyRvOdQ==}

  require-directory@2.1.1:
    resolution: {integrity: sha512-fGxEI7+wsG9xrvdjsrlmL22OMTTiHRwAMroiEeMgq8gzoLC/PQr7RsRDSTLUg/bZAZtF+TVIkHc6/4RIKrui+Q==}
    engines: {node: '>=0.10.0'}

  rxjs@7.8.2:
    resolution: {integrity: sha512-dhKf903U/PQZY6boNNtAGdWbG85WAbjT/1xYoZIC7FAY0yWapOBQVsVrDl58W86//e1VpMNBtRV4MaXfdMySFA==}

  scheduler@0.25.0:
    resolution: {integrity: sha512-xFVuu11jh+xcO7JOAGJNOXld8/TcEHK/4CituBUeUb5hqxJLj9YuemAEuvm9gQ/+pgXYfbQuqAkiYu+u7YEsNA==}

  set-cookie-parser@2.7.1:
    resolution: {integrity: sha512-IOc8uWeOZgnb3ptbCURJWNjWUPcO3ZnTTdzsurqERrP6nPyv+paC55vJM0LpOlT2ne+Ix+9+CRG1MNLlyZ4GjQ==}

  shell-quote@1.8.2:
    resolution: {integrity: sha512-AzqKpGKjrj7EM6rKVQEPpB288oCfnrEIuyoT9cyF4nmGa7V8Zk6f7RRqYisX8X9m+Q7bd632aZW4ky7EhbQztA==}
    engines: {node: '>= 0.4'}

  string-width@4.2.3:
    resolution: {integrity: sha512-wKyQRQpjJ0sIp62ErSZdGsjMJWsap5oRNihHhu6G7JVO/9jIB6UyevL+tXuOqrng8j/cxKTWyWUwvSTriiZz/g==}
    engines: {node: '>=8'}

  strip-ansi@6.0.1:
    resolution: {integrity: sha512-Y38VPSHcqkFrCpFnQ9vuSXmquuv5oXOKpGeT6aGrr3o3Gc9AlVa6JBfUSOCnbxGGZF+/0ooI7KrPuUSztUdU5A==}
    engines: {node: '>=8'}

  supports-color@7.2.0:
    resolution: {integrity: sha512-qpCAvRl9stuOHveKsn7HncJRvv501qIacKzQlO/+Lwxc9+0q2wLyv4Dfvt80/DPn2pqOBsJdDiogXGR9+OvwRw==}
    engines: {node: '>=8'}

  supports-color@8.1.1:
    resolution: {integrity: sha512-MpUEN2OodtUzxvKQl72cUF7RQ5EiHsGvSsVG0ia9c5RbWGL2CI4C7EpPS8UTBIplnlzZiNuV56w+FuNxy3ty2Q==}
    engines: {node: '>=10'}

  tabbable@6.2.0:
    resolution: {integrity: sha512-Cat63mxsVJlzYvN51JmVXIgNoUokrIaT2zLclCXjRd8boZ0004U4KCs/sToJ75C6sdlByWxpYnb5Boif1VSFew==}

  tree-kill@1.2.2:
    resolution: {integrity: sha512-L0Orpi8qGpRG//Nd+H90vFB+3iHnue1zSSGmNOOCh1GLJ7rUKVwV2HvijphGQS2UmhUZewS9VgvxYIdgr+fG1A==}
    hasBin: true

  tslib@2.8.1:
    resolution: {integrity: sha512-oJFu94HQb+KVduSUQL7wnpmqnfmLsOA/nAh6b6EH0wCEoK0/mPeXU6c3wKDV83MkOuHPRHtSXKKU99IBazS/2w==}

  turbo-stream@2.4.0:
    resolution: {integrity: sha512-FHncC10WpBd2eOmGwpmQsWLDoK4cqsA/UT/GqNoaKOQnT8uzhtCbg3EoUDMvqpOSAI0S26mr0rkjzbOO6S3v1g==}

  wrap-ansi@7.0.0:
    resolution: {integrity: sha512-YVGIj2kamLSTxw6NsZjoBxfSwsn0ycdesmc4p+Q21c5zPuZ1pl+NfxVdxPtdHvmNVOQ6XSYG4AUtyt/Fi7D16Q==}
    engines: {node: '>=10'}

  y18n@5.0.8:
    resolution: {integrity: sha512-0pfFzegeDWJHJIAmTLRP2DwHjdF5s7jo9tuztdQxAhINCdvS+3nGINqPd00AphqJR/0LhANUS6/+7SCb98YOfA==}
    engines: {node: '>=10'}

  yallist@4.0.0:
    resolution: {integrity: sha512-3wdGidZyq5PB084XLES5TpOSRA3wjXAlIWMhum2kRcv/41Sn2emQ0dycQW4uZXLejwKvg6EsvbdlVL+FYEct7A==}

  yargs-parser@21.1.1:
    resolution: {integrity: sha512-tVpsJW7DdjecAiFpbIB1e3qxIQsE6NoPc5/eTdrbbIC4h0LVsWhnoa3g+m2HclBIujHzsxZ4VJVA+GUuc2/LBw==}
    engines: {node: '>=12'}

  yargs@17.7.2:
    resolution: {integrity: sha512-7dSzzRQ++CKnNI/krKnYRV7JKKPUXMEh61soaHKg9mrWEhzFWhFnxPxGl+69cD1Ou63C13NUPCnmIcrvqCuM6w==}
    engines: {node: '>=12'}

snapshots:

  '@floating-ui/core@1.6.9':
    dependencies:
      '@floating-ui/utils': 0.2.9

  '@floating-ui/dom@1.6.13':
    dependencies:
      '@floating-ui/core': 1.6.9
      '@floating-ui/utils': 0.2.9

  '@floating-ui/react-dom@2.1.2(react-dom@19.0.0(react@19.0.0))(react@19.0.0)':
    dependencies:
      '@floating-ui/dom': 1.6.13
      react: 19.0.0
      react-dom: 19.0.0(react@19.0.0)

  '@floating-ui/react@0.26.28(react-dom@19.0.0(react@19.0.0))(react@19.0.0)':
    dependencies:
      '@floating-ui/react-dom': 2.1.2(react-dom@19.0.0(react@19.0.0))(react@19.0.0)
      '@floating-ui/utils': 0.2.9
      react: 19.0.0
      react-dom: 19.0.0(react@19.0.0)
      tabbable: 6.2.0

  '@floating-ui/utils@0.2.9': {}

  '@headlessui/react@2.2.0(react-dom@19.0.0(react@19.0.0))(react@19.0.0)':
    dependencies:
      '@floating-ui/react': 0.26.28(react-dom@19.0.0(react@19.0.0))(react@19.0.0)
      '@react-aria/focus': 3.20.0(react-dom@19.0.0(react@19.0.0))(react@19.0.0)
      '@react-aria/interactions': 3.24.0(react-dom@19.0.0(react@19.0.0))(react@19.0.0)
      '@tanstack/react-virtual': 3.13.2(react-dom@19.0.0(react@19.0.0))(react@19.0.0)
      react: 19.0.0
      react-dom: 19.0.0(react@19.0.0)

  '@heroicons/react@2.2.0(react@19.0.0)':
    dependencies:
      react: 19.0.0

  '@react-aria/focus@3.20.0(react-dom@19.0.0(react@19.0.0))(react@19.0.0)':
    dependencies:
      '@react-aria/interactions': 3.24.0(react-dom@19.0.0(react@19.0.0))(react@19.0.0)
      '@react-aria/utils': 3.28.0(react-dom@19.0.0(react@19.0.0))(react@19.0.0)
      '@react-types/shared': 3.28.0(react@19.0.0)
      '@swc/helpers': 0.5.15
      clsx: 2.1.1
      react: 19.0.0
      react-dom: 19.0.0(react@19.0.0)

  '@react-aria/interactions@3.24.0(react-dom@19.0.0(react@19.0.0))(react@19.0.0)':
    dependencies:
      '@react-aria/ssr': 3.9.7(react@19.0.0)
      '@react-aria/utils': 3.28.0(react-dom@19.0.0(react@19.0.0))(react@19.0.0)
      '@react-stately/flags': 3.1.0
      '@react-types/shared': 3.28.0(react@19.0.0)
      '@swc/helpers': 0.5.15
      react: 19.0.0
      react-dom: 19.0.0(react@19.0.0)

  '@react-aria/ssr@3.9.7(react@19.0.0)':
    dependencies:
      '@swc/helpers': 0.5.15
      react: 19.0.0

  '@react-aria/utils@3.28.0(react-dom@19.0.0(react@19.0.0))(react@19.0.0)':
    dependencies:
      '@react-aria/ssr': 3.9.7(react@19.0.0)
      '@react-stately/flags': 3.1.0
      '@react-stately/utils': 3.10.5(react@19.0.0)
      '@react-types/shared': 3.28.0(react@19.0.0)
      '@swc/helpers': 0.5.15
      clsx: 2.1.1
      react: 19.0.0
      react-dom: 19.0.0(react@19.0.0)

  '@react-stately/flags@3.1.0':
    dependencies:
      '@swc/helpers': 0.5.15

  '@react-stately/utils@3.10.5(react@19.0.0)':
    dependencies:
      '@swc/helpers': 0.5.15
      react: 19.0.0

  '@react-types/shared@3.28.0(react@19.0.0)':
    dependencies:
      react: 19.0.0

  '@redis/bloom@1.2.0(@redis/client@1.6.0)':
    dependencies:
      '@redis/client': 1.6.0

  '@redis/client@1.6.0':
    dependencies:
      cluster-key-slot: 1.1.2
      generic-pool: 3.9.0
      yallist: 4.0.0

  '@redis/graph@1.1.1(@redis/client@1.6.0)':
    dependencies:
      '@redis/client': 1.6.0

  '@redis/json@1.0.7(@redis/client@1.6.0)':
    dependencies:
      '@redis/client': 1.6.0

  '@redis/search@1.2.0(@redis/client@1.6.0)':
    dependencies:
      '@redis/client': 1.6.0

  '@redis/time-series@1.1.0(@redis/client@1.6.0)':
    dependencies:
      '@redis/client': 1.6.0

  '@swc/helpers@0.5.15':
    dependencies:
      tslib: 2.8.1

  '@tanstack/react-virtual@3.13.2(react-dom@19.0.0(react@19.0.0))(react@19.0.0)':
    dependencies:
      '@tanstack/virtual-core': 3.13.2
      react: 19.0.0
      react-dom: 19.0.0(react@19.0.0)

  '@tanstack/virtual-core@3.13.2': {}

  '@types/cookie@0.6.0': {}

  ansi-regex@5.0.1: {}

  ansi-styles@4.3.0:
    dependencies:
      color-convert: 2.0.1

  chalk@4.1.2:
    dependencies:
      ansi-styles: 4.3.0
      supports-color: 7.2.0

  cliui@8.0.1:
    dependencies:
      string-width: 4.2.3
      strip-ansi: 6.0.1
      wrap-ansi: 7.0.0

  clsx@2.1.1: {}

  cluster-key-slot@1.1.2: {}

  color-convert@2.0.1:
    dependencies:
      color-name: 1.1.4

  color-name@1.1.4: {}

  concurrently@9.1.2:
    dependencies:
      chalk: 4.1.2
      lodash: 4.17.21
      rxjs: 7.8.2
      shell-quote: 1.8.2
      supports-color: 8.1.1
      tree-kill: 1.2.2
      yargs: 17.7.2

  cookie@1.0.2: {}

  emoji-regex@8.0.0: {}

  escalade@3.2.0: {}

  generic-pool@3.9.0: {}

  get-caller-file@2.0.5: {}

  has-flag@4.0.0: {}

  is-fullwidth-code-point@3.0.0: {}

  lodash@4.17.21: {}

  react-dom@19.0.0(react@19.0.0):
    dependencies:
      react: 19.0.0
      scheduler: 0.25.0

  react-router-dom@7.3.0(react-dom@19.0.0(react@19.0.0))(react@19.0.0):
    dependencies:
      react: 19.0.0
      react-dom: 19.0.0(react@19.0.0)
      react-router: 7.3.0(react-dom@19.0.0(react@19.0.0))(react@19.0.0)

  react-router@7.3.0(react-dom@19.0.0(react@19.0.0))(react@19.0.0):
    dependencies:
      '@types/cookie': 0.6.0
      cookie: 1.0.2
      react: 19.0.0
      set-cookie-parser: 2.7.1
      turbo-stream: 2.4.0
    optionalDependencies:
      react-dom: 19.0.0(react@19.0.0)

  react@19.0.0: {}

  redis@4.7.0:
    dependencies:
      '@redis/bloom': 1.2.0(@redis/client@1.6.0)
      '@redis/client': 1.6.0
      '@redis/graph': 1.1.1(@redis/client@1.6.0)
      '@redis/json': 1.0.7(@redis/client@1.6.0)
      '@redis/search': 1.2.0(@redis/client@1.6.0)
      '@redis/time-series': 1.1.0(@redis/client@1.6.0)

  require-directory@2.1.1: {}

  rxjs@7.8.2:
    dependencies:
      tslib: 2.8.1

  scheduler@0.25.0: {}

  set-cookie-parser@2.7.1: {}

  shell-quote@1.8.2: {}

  string-width@4.2.3:
    dependencies:
      emoji-regex: 8.0.0
      is-fullwidth-code-point: 3.0.0
      strip-ansi: 6.0.1

  strip-ansi@6.0.1:
    dependencies:
      ansi-regex: 5.0.1

  supports-color@7.2.0:
    dependencies:
      has-flag: 4.0.0

  supports-color@8.1.1:
    dependencies:
      has-flag: 4.0.0

  tabbable@6.2.0: {}

  tree-kill@1.2.2: {}

  tslib@2.8.1: {}

  turbo-stream@2.4.0: {}

  wrap-ansi@7.0.0:
    dependencies:
      ansi-styles: 4.3.0
      string-width: 4.2.3
      strip-ansi: 6.0.1

  y18n@5.0.8: {}

  yallist@4.0.0: {}

  yargs-parser@21.1.1: {}

  yargs@17.7.2:
    dependencies:
      cliui: 8.0.1
      escalade: 3.2.0
      get-caller-file: 2.0.5
      require-directory: 2.1.1
      string-width: 4.2.3
      y18n: 5.0.8
      yargs-parser: 21.1.1
